# This file is autogenerated, do not edit; changes may be undone by the next 'dep ensure'.


[[projects]]
  branch = "master"
  digest = "1:354b8e6be029d5daf553a634e2bb5fbb21a5bef3422fd06ee71a2419a1b74dd6"
  name = "code.cloudfoundry.org/lager"
  packages = [
    ".",
    "internal/truncate",
  ]
  pruneopts = "UT"
  revision = "baf208c4c56b0a06ddec4a03c0348d072261d43a"

[[projects]]
  digest = "1:c79fb010be38a59d657c48c6ba1d003a8aa651fa56b579d959d74573b7dff8e1"
  name = "github.com/gorilla/context"
  packages = ["."]
  pruneopts = "UT"
  revision = "08b5f424b9271eedf6f9f0ce86cb9396ed337a42"
  version = "v1.1.1"

[[projects]]
  digest = "1:e73f5b0152105f18bc131fba127d9949305c8693f8a762588a82a48f61756f5f"
  name = "github.com/gorilla/mux"
  packages = ["."]
  pruneopts = "UT"
  revision = "e3702bed27f0d39777b0b37b664b6280e8ef8fbf"
  version = "v1.6.2"

[[projects]]
  digest = "1:433525450278b3319b436d1ff367fbad32ac553809c8e879a070b7fd0ef92cc5"
  name = "github.com/pivotal-cf/brokerapi"
  packages = [
    ".",
    "auth",
    "middlewares/originating_identity_header",
  ]
  pruneopts = "UT"
  revision = "644cda48aed126142816ea9fdf0c676e7d66032e"
  version = "v4.2.1"

[[projects]]
  digest = "1:cf31692c14422fa27c83a05292eb5cbe0fb2775972e8f1f8446a71549bd8980b"
  name = "github.com/pkg/errors"
  packages = ["."]
  pruneopts = "UT"
  revision = "ba968bfe8b2f7e042a574c888954fccecfa385b4"
  version = "v0.8.1"

[solve-meta]
  analyzer-name = "dep"
  analyzer-version = 1
  input-imports = [
    "code.cloudfoundry.org/lager",
    "github.com/pivotal-cf/brokerapi",
  ]
  solver-name = "gps-cdcl"
  solver-version = 1
